
Microsoft Visual Studio Solution File, Format Version 12.00
# Visual Studio 2012
Project("{FAE04EC0-301F-11D3-BF4B-00C04F79EFBC}") = "Day02_0200", "Day02_0200\Day02_0200.csproj", "{F765966C-032B-41DF-B9DF-8593DF148912}"
EndProject
Project("{FAE04EC0-301F-11D3-BF4B-00C04F79EFBC}") = "Day02_0300", "Day02_0300\Day02_0300.csproj", "{0288F870-30E7-4C20-ACF2-C9A85957F23C}"
EndProject
Project("{FAE04EC0-301F-11D3-BF4B-00C04F79EFBC}") = "Day02_0400", "Day02_0400\Day02_0400.csproj", "{F7DE9F52-05F7-4C91-9118-49D5A5EBD4CA}"
EndProject
Project("{FAE04EC0-301F-11D3-BF4B-00C04F79EFBC}") = "Day02_0500", "Day02_0500\Day02_0500.csproj", "{A2D6B663-B7E9-4B61-A026-958DF467DCE9}"
EndProject
Project("{2150E333-8FDC-42A3-9474-1A3956D46DE8}") = "Day02", "Day02", "{0F86B279-7040-4391-A10B-7E43792BF8A6}"
EndProject
Project("{FAE04EC0-301F-11D3-BF4B-00C04F79EFBC}") = "Day03_0100", "Day03_0100\Day03_0100.csproj", "{2F623069-8B78-419B-88FB-0F1C358FF09F}"
EndProject
Project("{FAE04EC0-301F-11D3-BF4B-00C04F79EFBC}") = "Text", "Text\Text.csproj", "{185366A8-25CF-4CC7-B4EA-711EFADAC4E7}"
EndProject
Project("{FAE04EC0-301F-11D3-BF4B-00C04F79EFBC}") = "Day03_0200", "Day03_0200\Day03_0200.csproj", "{DFD69D9A-C6DF-4358-9C12-353801FA13E9}"
EndProject
Project("{FAE04EC0-301F-11D3-BF4B-00C04F79EFBC}") = "Day03_0300", "Day03_0300\Day03_0300.csproj", "{86F3F136-C9F3-40A7-8DA4-A90EFA1C8FFF}"
EndProject
Project("{2150E333-8FDC-42A3-9474-1A3956D46DE8}") = "Day07", "Day07", "{1A0DF1AA-E5C6-40B0-9E0F-5E1B3CB47DC1}"
EndProject
Project("{FAE04EC0-301F-11D3-BF4B-00C04F79EFBC}") = "Day07_0100", "Day07_0100\Day07_0100.csproj", "{F3214FD4-BB3F-4D13-BB22-765128ACBE87}"
EndProject
Project("{2150E333-8FDC-42A3-9474-1A3956D46DE8}") = "Day03", "Day03", "{AF4774E9-8D2C-4C39-B7E5-B236230354EF}"
EndProject
Project("{FAE04EC0-301F-11D3-BF4B-00C04F79EFBC}") = "Day07_0200", "Day07_0200\Day07_0200.csproj", "{CF6D9136-9BF5-4084-A299-42301C64C42E}"
EndProject
Project("{FAE04EC0-301F-11D3-BF4B-00C04F79EFBC}") = "Day07_0300", "Day07_0300\Day07_0300.csproj", "{EDA5E717-B351-4961-B2B9-F29A74B1DC23}"
EndProject
Project("{2150E333-8FDC-42A3-9474-1A3956D46DE8}") = "Day08", "Day08", "{B2A08114-6FE6-4F74-9EF2-FEFD886CF19E}"
EndProject
Project("{FAE04EC0-301F-11D3-BF4B-00C04F79EFBC}") = "Day08_0100", "Day08_0100\Day08_0100.csproj", "{3C1E038F-1E29-46FE-959F-841166A1B5BC}"
EndProject
Project("{FAE04EC0-301F-11D3-BF4B-00C04F79EFBC}") = "Song", "Song\Song.csproj", "{AC8F64D5-FB30-491A-B663-30C7AD3B0DE5}"
EndProject
Project("{FAE04EC0-301F-11D3-BF4B-00C04F79EFBC}") = "Day08_0200", "Day08_0200\Day08_0200.csproj", "{CDEA5A31-28F0-4060-98D9-868EF0501B74}"
EndProject
Project("{FAE04EC0-301F-11D3-BF4B-00C04F79EFBC}") = "Day08_0400", "Day08_0400\Day08_0400.csproj", "{C67314A1-9BFF-4330-B6E5-FE7BDA67CE3C}"
EndProject
Project("{FAE04EC0-301F-11D3-BF4B-00C04F79EFBC}") = "Bf", "Bf\Bf.csproj", "{3C54B882-AB14-4130-B344-91AA47DB5892}"
EndProject
Project("{2150E333-8FDC-42A3-9474-1A3956D46DE8}") = "Day10", "Day10", "{E21E23C8-46BD-49A4-8918-80E2A91BDF46}"
EndProject
Global
	GlobalSection(SolutionConfigurationPlatforms) = preSolution
		Debug|Any CPU = Debug|Any CPU
		Release|Any CPU = Release|Any CPU
	EndGlobalSection
	GlobalSection(ProjectConfigurationPlatforms) = postSolution
		{F765966C-032B-41DF-B9DF-8593DF148912}.Debug|Any CPU.ActiveCfg = Debug|Any CPU
		{F765966C-032B-41DF-B9DF-8593DF148912}.Debug|Any CPU.Build.0 = Debug|Any CPU
		{F765966C-032B-41DF-B9DF-8593DF148912}.Release|Any CPU.ActiveCfg = Release|Any CPU
		{F765966C-032B-41DF-B9DF-8593DF148912}.Release|Any CPU.Build.0 = Release|Any CPU
		{0288F870-30E7-4C20-ACF2-C9A85957F23C}.Debug|Any CPU.ActiveCfg = Debug|Any CPU
		{0288F870-30E7-4C20-ACF2-C9A85957F23C}.Debug|Any CPU.Build.0 = Debug|Any CPU
		{0288F870-30E7-4C20-ACF2-C9A85957F23C}.Release|Any CPU.ActiveCfg = Release|Any CPU
		{0288F870-30E7-4C20-ACF2-C9A85957F23C}.Release|Any CPU.Build.0 = Release|Any CPU
		{F7DE9F52-05F7-4C91-9118-49D5A5EBD4CA}.Debug|Any CPU.ActiveCfg = Debug|Any CPU
		{F7DE9F52-05F7-4C91-9118-49D5A5EBD4CA}.Debug|Any CPU.Build.0 = Debug|Any CPU
		{F7DE9F52-05F7-4C91-9118-49D5A5EBD4CA}.Release|Any CPU.ActiveCfg = Release|Any CPU
		{F7DE9F52-05F7-4C91-9118-49D5A5EBD4CA}.Release|Any CPU.Build.0 = Release|Any CPU
		{A2D6B663-B7E9-4B61-A026-958DF467DCE9}.Debug|Any CPU.ActiveCfg = Debug|Any CPU
		{A2D6B663-B7E9-4B61-A026-958DF467DCE9}.Debug|Any CPU.Build.0 = Debug|Any CPU
		{A2D6B663-B7E9-4B61-A026-958DF467DCE9}.Release|Any CPU.ActiveCfg = Release|Any CPU
		{A2D6B663-B7E9-4B61-A026-958DF467DCE9}.Release|Any CPU.Build.0 = Release|Any CPU
		{2F623069-8B78-419B-88FB-0F1C358FF09F}.Debug|Any CPU.ActiveCfg = Debug|Any CPU
		{2F623069-8B78-419B-88FB-0F1C358FF09F}.Debug|Any CPU.Build.0 = Debug|Any CPU
		{2F623069-8B78-419B-88FB-0F1C358FF09F}.Release|Any CPU.ActiveCfg = Release|Any CPU
		{2F623069-8B78-419B-88FB-0F1C358FF09F}.Release|Any CPU.Build.0 = Release|Any CPU
		{185366A8-25CF-4CC7-B4EA-711EFADAC4E7}.Debug|Any CPU.ActiveCfg = Debug|Any CPU
		{185366A8-25CF-4CC7-B4EA-711EFADAC4E7}.Debug|Any CPU.Build.0 = Debug|Any CPU
		{185366A8-25CF-4CC7-B4EA-711EFADAC4E7}.Release|Any CPU.ActiveCfg = Release|Any CPU
		{185366A8-25CF-4CC7-B4EA-711EFADAC4E7}.Release|Any CPU.Build.0 = Release|Any CPU
		{DFD69D9A-C6DF-4358-9C12-353801FA13E9}.Debug|Any CPU.ActiveCfg = Debug|Any CPU
		{DFD69D9A-C6DF-4358-9C12-353801FA13E9}.Debug|Any CPU.Build.0 = Debug|Any CPU
		{DFD69D9A-C6DF-4358-9C12-353801FA13E9}.Release|Any CPU.ActiveCfg = Release|Any CPU
		{DFD69D9A-C6DF-4358-9C12-353801FA13E9}.Release|Any CPU.Build.0 = Release|Any CPU
		{86F3F136-C9F3-40A7-8DA4-A90EFA1C8FFF}.Debug|Any CPU.ActiveCfg = Debug|Any CPU
		{86F3F136-C9F3-40A7-8DA4-A90EFA1C8FFF}.Debug|Any CPU.Build.0 = Debug|Any CPU
		{86F3F136-C9F3-40A7-8DA4-A90EFA1C8FFF}.Release|Any CPU.ActiveCfg = Release|Any CPU
		{86F3F136-C9F3-40A7-8DA4-A90EFA1C8FFF}.Release|Any CPU.Build.0 = Release|Any CPU
		{F3214FD4-BB3F-4D13-BB22-765128ACBE87}.Debug|Any CPU.ActiveCfg = Debug|Any CPU
		{F3214FD4-BB3F-4D13-BB22-765128ACBE87}.Debug|Any CPU.Build.0 = Debug|Any CPU
		{F3214FD4-BB3F-4D13-BB22-765128ACBE87}.Release|Any CPU.ActiveCfg = Release|Any CPU
		{F3214FD4-BB3F-4D13-BB22-765128ACBE87}.Release|Any CPU.Build.0 = Release|Any CPU
		{CF6D9136-9BF5-4084-A299-42301C64C42E}.Debug|Any CPU.ActiveCfg = Debug|Any CPU
		{CF6D9136-9BF5-4084-A299-42301C64C42E}.Debug|Any CPU.Build.0 = Debug|Any CPU
		{CF6D9136-9BF5-4084-A299-42301C64C42E}.Release|Any CPU.ActiveCfg = Release|Any CPU
		{CF6D9136-9BF5-4084-A299-42301C64C42E}.Release|Any CPU.Build.0 = Release|Any CPU
		{EDA5E717-B351-4961-B2B9-F29A74B1DC23}.Debug|Any CPU.ActiveCfg = Debug|Any CPU
		{EDA5E717-B351-4961-B2B9-F29A74B1DC23}.Debug|Any CPU.Build.0 = Debug|Any CPU
		{EDA5E717-B351-4961-B2B9-F29A74B1DC23}.Release|Any CPU.ActiveCfg = Release|Any CPU
		{EDA5E717-B351-4961-B2B9-F29A74B1DC23}.Release|Any CPU.Build.0 = Release|Any CPU
		{3C1E038F-1E29-46FE-959F-841166A1B5BC}.Debug|Any CPU.ActiveCfg = Debug|Any CPU
		{3C1E038F-1E29-46FE-959F-841166A1B5BC}.Debug|Any CPU.Build.0 = Debug|Any CPU
		{3C1E038F-1E29-46FE-959F-841166A1B5BC}.Release|Any CPU.ActiveCfg = Release|Any CPU
		{3C1E038F-1E29-46FE-959F-841166A1B5BC}.Release|Any CPU.Build.0 = Release|Any CPU
		{AC8F64D5-FB30-491A-B663-30C7AD3B0DE5}.Debug|Any CPU.ActiveCfg = Debug|Any CPU
		{AC8F64D5-FB30-491A-B663-30C7AD3B0DE5}.Debug|Any CPU.Build.0 = Debug|Any CPU
		{AC8F64D5-FB30-491A-B663-30C7AD3B0DE5}.Release|Any CPU.ActiveCfg = Release|Any CPU
		{AC8F64D5-FB30-491A-B663-30C7AD3B0DE5}.Release|Any CPU.Build.0 = Release|Any CPU
		{CDEA5A31-28F0-4060-98D9-868EF0501B74}.Debug|Any CPU.ActiveCfg = Debug|Any CPU
		{CDEA5A31-28F0-4060-98D9-868EF0501B74}.Debug|Any CPU.Build.0 = Debug|Any CPU
		{CDEA5A31-28F0-4060-98D9-868EF0501B74}.Release|Any CPU.ActiveCfg = Release|Any CPU
		{CDEA5A31-28F0-4060-98D9-868EF0501B74}.Release|Any CPU.Build.0 = Release|Any CPU
		{C67314A1-9BFF-4330-B6E5-FE7BDA67CE3C}.Debug|Any CPU.ActiveCfg = Debug|Any CPU
		{C67314A1-9BFF-4330-B6E5-FE7BDA67CE3C}.Debug|Any CPU.Build.0 = Debug|Any CPU
		{C67314A1-9BFF-4330-B6E5-FE7BDA67CE3C}.Release|Any CPU.ActiveCfg = Release|Any CPU
		{C67314A1-9BFF-4330-B6E5-FE7BDA67CE3C}.Release|Any CPU.Build.0 = Release|Any CPU
		{3C54B882-AB14-4130-B344-91AA47DB5892}.Debug|Any CPU.ActiveCfg = Debug|Any CPU
		{3C54B882-AB14-4130-B344-91AA47DB5892}.Debug|Any CPU.Build.0 = Debug|Any CPU
		{3C54B882-AB14-4130-B344-91AA47DB5892}.Release|Any CPU.ActiveCfg = Release|Any CPU
		{3C54B882-AB14-4130-B344-91AA47DB5892}.Release|Any CPU.Build.0 = Release|Any CPU
	EndGlobalSection
	GlobalSection(SolutionProperties) = preSolution
		HideSolutionNode = FALSE
	EndGlobalSection
	GlobalSection(NestedProjects) = preSolution
		{0288F870-30E7-4C20-ACF2-C9A85957F23C} = {0F86B279-7040-4391-A10B-7E43792BF8A6}
		{F7DE9F52-05F7-4C91-9118-49D5A5EBD4CA} = {0F86B279-7040-4391-A10B-7E43792BF8A6}
		{A2D6B663-B7E9-4B61-A026-958DF467DCE9} = {0F86B279-7040-4391-A10B-7E43792BF8A6}
		{F765966C-032B-41DF-B9DF-8593DF148912} = {0F86B279-7040-4391-A10B-7E43792BF8A6}
		{DFD69D9A-C6DF-4358-9C12-353801FA13E9} = {AF4774E9-8D2C-4C39-B7E5-B236230354EF}
		{86F3F136-C9F3-40A7-8DA4-A90EFA1C8FFF} = {AF4774E9-8D2C-4C39-B7E5-B236230354EF}
		{2F623069-8B78-419B-88FB-0F1C358FF09F} = {AF4774E9-8D2C-4C39-B7E5-B236230354EF}
		{F3214FD4-BB3F-4D13-BB22-765128ACBE87} = {1A0DF1AA-E5C6-40B0-9E0F-5E1B3CB47DC1}
		{CF6D9136-9BF5-4084-A299-42301C64C42E} = {1A0DF1AA-E5C6-40B0-9E0F-5E1B3CB47DC1}
		{EDA5E717-B351-4961-B2B9-F29A74B1DC23} = {1A0DF1AA-E5C6-40B0-9E0F-5E1B3CB47DC1}
		{3C1E038F-1E29-46FE-959F-841166A1B5BC} = {B2A08114-6FE6-4F74-9EF2-FEFD886CF19E}
		{AC8F64D5-FB30-491A-B663-30C7AD3B0DE5} = {B2A08114-6FE6-4F74-9EF2-FEFD886CF19E}
		{CDEA5A31-28F0-4060-98D9-868EF0501B74} = {B2A08114-6FE6-4F74-9EF2-FEFD886CF19E}
		{C67314A1-9BFF-4330-B6E5-FE7BDA67CE3C} = {B2A08114-6FE6-4F74-9EF2-FEFD886CF19E}
		{3C54B882-AB14-4130-B344-91AA47DB5892} = {E21E23C8-46BD-49A4-8918-80E2A91BDF46}
	EndGlobalSection
EndGlobal
